
Microsoft Visual Studio Solution File, Format Version 12.00
# Visual Studio Version 16
VisualStudioVersion = 16.0.30503.244
MinimumVisualStudioVersion = 10.0.40219.1
Project("{FAE04EC0-301F-11D3-BF4B-00C04F79EFBC}") = "WebApplication2", "WebApplication2\WebApplication2.csproj", "{7708C60D-B7B6-48BB-BA91-8E930BEB5A6F}"
EndProject
Global
	GlobalSection(SolutionConfigurationPlatforms) = preSolution
		Debug|Any CPU = Debug|Any CPU
		Release|Any CPU = Release|Any CPU
	EndGlobalSection
	GlobalSection(ProjectConfigurationPlatforms) = postSolution
		{7708C60D-B7B6-48BB-BA91-8E930BEB5A6F}.Debug|Any CPU.ActiveCfg = Debug|Any CPU
		{7708C60D-B7B6-48BB-BA91-8E930BEB5A6F}.Debug|Any CPU.Build.0 = Debug|Any CPU
		{7708C60D-B7B6-48BB-BA91-8E930BEB5A6F}.Release|Any CPU.ActiveCfg = Release|Any CPU
		{7708C60D-B7B6-48BB-BA91-8E930BEB5A6F}.Release|Any CPU.Build.0 = Release|Any CPU
	EndGlobalSection
	GlobalSection(SolutionProperties) = preSolution
		HideSolutionNode = FALSE
	EndGlobalSection
	GlobalSection(ExtensibilityGlobals) = postSolution
		SolutionGuid = {BFA2004B-6529-4FD4-8BAF-61BE519D37BB}
	EndGlobalSection
EndGlobal
